// !$*UTF8*$!
{
	archiveVersion = 1;
	classes = {
	};
	objectVersion = 46;
	objects = {

/* Begin PBXBuildFile section */
		7039D177153533D400ACA30B /* SyncObjectSpec.m in Sources */ = {isa = PBXBuildFile; fileRef = 7039D176153533D400ACA30B /* SyncObjectSpec.m */; };
		7060214E152D0F5F0087A4DC /* SyncOperation.m in Sources */ = {isa = PBXBuildFile; fileRef = 7060214D152D0F5F0087A4DC /* SyncOperation.m */; };
		70602157152D37140087A4DC /* DependencyModule.m in Sources */ = {isa = PBXBuildFile; fileRef = 70602156152D37140087A4DC /* DependencyModule.m */; };
		7060215B152D3FDE0087A4DC /* TestModule.m in Sources */ = {isa = PBXBuildFile; fileRef = 7060215A152D3FDE0087A4DC /* TestModule.m */; };
		7060215E152D400D0087A4DC /* DummySyncOperation.m in Sources */ = {isa = PBXBuildFile; fileRef = 7060215D152D400D0087A4DC /* DummySyncOperation.m */; };
		7060218F152D67370087A4DC /* SyncStoreManagerSpec.m in Sources */ = {isa = PBXBuildFile; fileRef = 7060218E152D67370087A4DC /* SyncStoreManagerSpec.m */; };
		706021BD152E68E20087A4DC /* Conflict.m in Sources */ = {isa = PBXBuildFile; fileRef = 706021BC152E68E10087A4DC /* Conflict.m */; };
		70777F1E15238BD3007F5C87 /* UIKit.framework in Frameworks */ = {isa = PBXBuildFile; fileRef = 70777F1D15238BD3007F5C87 /* UIKit.framework */; };
		70777F2015238BD3007F5C87 /* Foundation.framework in Frameworks */ = {isa = PBXBuildFile; fileRef = 70777F1F15238BD3007F5C87 /* Foundation.framework */; };
		70777F2215238BD3007F5C87 /* CoreGraphics.framework in Frameworks */ = {isa = PBXBuildFile; fileRef = 70777F2115238BD3007F5C87 /* CoreGraphics.framework */; };
		70777F2415238BD3007F5C87 /* CoreData.framework in Frameworks */ = {isa = PBXBuildFile; fileRef = 70777F2315238BD3007F5C87 /* CoreData.framework */; };
		70777F2A15238BD3007F5C87 /* InfoPlist.strings in Resources */ = {isa = PBXBuildFile; fileRef = 70777F2815238BD3007F5C87 /* InfoPlist.strings */; };
		70777F2C15238BD3007F5C87 /* main.m in Sources */ = {isa = PBXBuildFile; fileRef = 70777F2B15238BD3007F5C87 /* main.m */; };
		70777F3015238BD3007F5C87 /* AppDelegate.m in Sources */ = {isa = PBXBuildFile; fileRef = 70777F2F15238BD3007F5C87 /* AppDelegate.m */; };
		70777F3315238BD3007F5C87 /* offline_sync_blog_3.xcdatamodeld in Sources */ = {isa = PBXBuildFile; fileRef = 70777F3115238BD3007F5C87 /* offline_sync_blog_3.xcdatamodeld */; };
		70777F3B15238BD3007F5C87 /* SenTestingKit.framework in Frameworks */ = {isa = PBXBuildFile; fileRef = 70777F3A15238BD3007F5C87 /* SenTestingKit.framework */; };
		70777F3C15238BD3007F5C87 /* UIKit.framework in Frameworks */ = {isa = PBXBuildFile; fileRef = 70777F1D15238BD3007F5C87 /* UIKit.framework */; };
		70777F3D15238BD3007F5C87 /* Foundation.framework in Frameworks */ = {isa = PBXBuildFile; fileRef = 70777F1F15238BD3007F5C87 /* Foundation.framework */; };
		70777F3E15238BD3007F5C87 /* CoreData.framework in Frameworks */ = {isa = PBXBuildFile; fileRef = 70777F2315238BD3007F5C87 /* CoreData.framework */; };
		70777F4615238BD3007F5C87 /* InfoPlist.strings in Resources */ = {isa = PBXBuildFile; fileRef = 70777F4415238BD3007F5C87 /* InfoPlist.strings */; };
		70777F4915238BD3007F5C87 /* offline_sync_blog_3Tests.m in Sources */ = {isa = PBXBuildFile; fileRef = 70777F4815238BD3007F5C87 /* offline_sync_blog_3Tests.m */; };
		70777F911523BF9D007F5C87 /* SyncStorageManager.m in Sources */ = {isa = PBXBuildFile; fileRef = 70777F901523BF9D007F5C87 /* SyncStorageManager.m */; };
		70777FB01524E097007F5C87 /* Comment.m in Sources */ = {isa = PBXBuildFile; fileRef = 70777FAD1524E097007F5C87 /* Comment.m */; };
		70777FB21524E097007F5C87 /* Post.m in Sources */ = {isa = PBXBuildFile; fileRef = 70777FAF1524E097007F5C87 /* Post.m */; };
		70777FB61524E0AE007F5C87 /* SyncObject.m in Sources */ = {isa = PBXBuildFile; fileRef = 70777FB51524E0AE007F5C87 /* SyncObject.m */; };
		70E7AAB016001225003414D5 /* red_c_button_image_500_clr.png in Resources */ = {isa = PBXBuildFile; fileRef = 70E7AAAF16001225003414D5 /* red_c_button_image_500_clr.png */; };
		70E7CA9F15DB6EF800D78CBE /* Storyboard.storyboard in Resources */ = {isa = PBXBuildFile; fileRef = 70E7CA9E15DB6EF800D78CBE /* Storyboard.storyboard */; };
		70E7CAA215DB6F6000D78CBE /* MainViewController.m in Sources */ = {isa = PBXBuildFile; fileRef = 70E7CAA115DB6F6000D78CBE /* MainViewController.m */; };
		70E7CAA515DB7A0D00D78CBE /* PostViewController.m in Sources */ = {isa = PBXBuildFile; fileRef = 70E7CAA415DB7A0D00D78CBE /* PostViewController.m */; };
		70E7CAB215DBF6EA00D78CBE /* SyncCell.m in Sources */ = {isa = PBXBuildFile; fileRef = 70E7CAB115DBF6EA00D78CBE /* SyncCell.m */; };
		70E7CAB415DBF81E00D78CBE /* green_check_mark_button_image_500_clr.png in Resources */ = {isa = PBXBuildFile; fileRef = 70E7CAB315DBF81E00D78CBE /* green_check_mark_button_image_500_clr.png */; };
		A2E8D1A7C4E14DD499A6FC58 /* libPods.a in Frameworks */ = {isa = PBXBuildFile; fileRef = 419E5BCA83464321ABC86C71 /* libPods.a */; };
/* End PBXBuildFile section */

/* Begin PBXContainerItemProxy section */
		70777F3F15238BD3007F5C87 /* PBXContainerItemProxy */ = {
			isa = PBXContainerItemProxy;
			containerPortal = 70777F1015238BD3007F5C87 /* Project object */;
			proxyType = 1;
			remoteGlobalIDString = 70777F1815238BD3007F5C87;
			remoteInfo = offline_sync_blog_3;
		};
/* End PBXContainerItemProxy section */

/* Begin PBXFileReference section */
		419E5BCA83464321ABC86C71 /* libPods.a */ = {isa = PBXFileReference; explicitFileType = archive.ar; includeInIndex = 0; path = libPods.a; sourceTree = BUILT_PRODUCTS_DIR; };
		7039D176153533D400ACA30B /* SyncObjectSpec.m */ = {isa = PBXFileReference; fileEncoding = 4; lastKnownFileType = sourcecode.c.objc; name = SyncObjectSpec.m; path = kiwi/SyncObjectSpec.m; sourceTree = "<group>"; };
		7060214C152D0F5F0087A4DC /* SyncOperation.h */ = {isa = PBXFileReference; fileEncoding = 4; lastKnownFileType = sourcecode.c.h; name = SyncOperation.h; path = sync_storage/SyncOperation.h; sourceTree = "<group>"; };
		7060214D152D0F5F0087A4DC /* SyncOperation.m */ = {isa = PBXFileReference; fileEncoding = 4; lastKnownFileType = sourcecode.c.objc; name = SyncOperation.m; path = sync_storage/SyncOperation.m; sourceTree = "<group>"; };
		70602150152D171C0087A4DC /* keys.h */ = {isa = PBXFileReference; fileEncoding = 4; lastKnownFileType = sourcecode.c.h; name = keys.h; path = sync_storage/keys.h; sourceTree = "<group>"; };
		70602155152D37140087A4DC /* DependencyModule.h */ = {isa = PBXFileReference; fileEncoding = 4; lastKnownFileType = sourcecode.c.h; name = DependencyModule.h; path = objection/DependencyModule.h; sourceTree = "<group>"; };
		70602156152D37140087A4DC /* DependencyModule.m */ = {isa = PBXFileReference; fileEncoding = 4; lastKnownFileType = sourcecode.c.objc; name = DependencyModule.m; path = objection/DependencyModule.m; sourceTree = "<group>"; };
		70602159152D3FDE0087A4DC /* TestModule.h */ = {isa = PBXFileReference; fileEncoding = 4; lastKnownFileType = sourcecode.c.h; name = TestModule.h; path = objection/TestModule.h; sourceTree = "<group>"; };
		7060215A152D3FDE0087A4DC /* TestModule.m */ = {isa = PBXFileReference; fileEncoding = 4; lastKnownFileType = sourcecode.c.objc; name = TestModule.m; path = objection/TestModule.m; sourceTree = "<group>"; };
		7060215C152D400D0087A4DC /* DummySyncOperation.h */ = {isa = PBXFileReference; fileEncoding = 4; lastKnownFileType = sourcecode.c.h; path = DummySyncOperation.h; sourceTree = "<group>"; };
		7060215D152D400D0087A4DC /* DummySyncOperation.m */ = {isa = PBXFileReference; fileEncoding = 4; lastKnownFileType = sourcecode.c.objc; path = DummySyncOperation.m; sourceTree = "<group>"; };
		7060218E152D67370087A4DC /* SyncStoreManagerSpec.m */ = {isa = PBXFileReference; fileEncoding = 4; lastKnownFileType = sourcecode.c.objc; name = SyncStoreManagerSpec.m; path = kiwi/SyncStoreManagerSpec.m; sourceTree = "<group>"; };
		706021BB152E68E10087A4DC /* Conflict.h */ = {isa = PBXFileReference; fileEncoding = 4; lastKnownFileType = sourcecode.c.h; name = Conflict.h; path = sync_storage/Conflict.h; sourceTree = "<group>"; };
		706021BC152E68E10087A4DC /* Conflict.m */ = {isa = PBXFileReference; fileEncoding = 4; lastKnownFileType = sourcecode.c.objc; name = Conflict.m; path = sync_storage/Conflict.m; sourceTree = "<group>"; };
		70777F1915238BD3007F5C87 /* offline_sync_blog_3.app */ = {isa = PBXFileReference; explicitFileType = wrapper.application; includeInIndex = 0; path = offline_sync_blog_3.app; sourceTree = BUILT_PRODUCTS_DIR; };
		70777F1D15238BD3007F5C87 /* UIKit.framework */ = {isa = PBXFileReference; lastKnownFileType = wrapper.framework; name = UIKit.framework; path = System/Library/Frameworks/UIKit.framework; sourceTree = SDKROOT; };
		70777F1F15238BD3007F5C87 /* Foundation.framework */ = {isa = PBXFileReference; lastKnownFileType = wrapper.framework; name = Foundation.framework; path = System/Library/Frameworks/Foundation.framework; sourceTree = SDKROOT; };
		70777F2115238BD3007F5C87 /* CoreGraphics.framework */ = {isa = PBXFileReference; lastKnownFileType = wrapper.framework; name = CoreGraphics.framework; path = System/Library/Frameworks/CoreGraphics.framework; sourceTree = SDKROOT; };
		70777F2315238BD3007F5C87 /* CoreData.framework */ = {isa = PBXFileReference; lastKnownFileType = wrapper.framework; name = CoreData.framework; path = System/Library/Frameworks/CoreData.framework; sourceTree = SDKROOT; };
		70777F2715238BD3007F5C87 /* offline_sync_blog_3-Info.plist */ = {isa = PBXFileReference; lastKnownFileType = text.plist.xml; path = "offline_sync_blog_3-Info.plist"; sourceTree = "<group>"; };
		70777F2915238BD3007F5C87 /* en */ = {isa = PBXFileReference; lastKnownFileType = text.plist.strings; name = en; path = en.lproj/InfoPlist.strings; sourceTree = "<group>"; };
		70777F2B15238BD3007F5C87 /* main.m */ = {isa = PBXFileReference; lastKnownFileType = sourcecode.c.objc; path = main.m; sourceTree = "<group>"; };
		70777F2D15238BD3007F5C87 /* offline_sync_blog_3-Prefix.pch */ = {isa = PBXFileReference; lastKnownFileType = sourcecode.c.h; path = "offline_sync_blog_3-Prefix.pch"; sourceTree = "<group>"; };
		70777F2E15238BD3007F5C87 /* AppDelegate.h */ = {isa = PBXFileReference; lastKnownFileType = sourcecode.c.h; path = AppDelegate.h; sourceTree = "<group>"; };
		70777F2F15238BD3007F5C87 /* AppDelegate.m */ = {isa = PBXFileReference; lastKnownFileType = sourcecode.c.objc; path = AppDelegate.m; sourceTree = "<group>"; };
		70777F3215238BD3007F5C87 /* offline_sync_blog_3.xcdatamodel */ = {isa = PBXFileReference; lastKnownFileType = wrapper.xcdatamodel; path = offline_sync_blog_3.xcdatamodel; sourceTree = "<group>"; };
		70777F3915238BD3007F5C87 /* offline_sync_blog_3Tests.octest */ = {isa = PBXFileReference; explicitFileType = wrapper.cfbundle; includeInIndex = 0; path = offline_sync_blog_3Tests.octest; sourceTree = BUILT_PRODUCTS_DIR; };
		70777F3A15238BD3007F5C87 /* SenTestingKit.framework */ = {isa = PBXFileReference; lastKnownFileType = wrapper.framework; name = SenTestingKit.framework; path = Library/Frameworks/SenTestingKit.framework; sourceTree = DEVELOPER_DIR; };
		70777F4315238BD3007F5C87 /* offline_sync_blog_3Tests-Info.plist */ = {isa = PBXFileReference; lastKnownFileType = text.plist.xml; path = "offline_sync_blog_3Tests-Info.plist"; sourceTree = "<group>"; };
		70777F4515238BD3007F5C87 /* en */ = {isa = PBXFileReference; lastKnownFileType = text.plist.strings; name = en; path = en.lproj/InfoPlist.strings; sourceTree = "<group>"; };
		70777F4715238BD3007F5C87 /* offline_sync_blog_3Tests.h */ = {isa = PBXFileReference; lastKnownFileType = sourcecode.c.h; path = offline_sync_blog_3Tests.h; sourceTree = "<group>"; };
		70777F4815238BD3007F5C87 /* offline_sync_blog_3Tests.m */ = {isa = PBXFileReference; lastKnownFileType = sourcecode.c.objc; path = offline_sync_blog_3Tests.m; sourceTree = "<group>"; };
		70777F8F1523BF9D007F5C87 /* SyncStorageManager.h */ = {isa = PBXFileReference; fileEncoding = 4; lastKnownFileType = sourcecode.c.h; name = SyncStorageManager.h; path = sync_storage/SyncStorageManager.h; sourceTree = "<group>"; };
		70777F901523BF9D007F5C87 /* SyncStorageManager.m */ = {isa = PBXFileReference; fileEncoding = 4; lastKnownFileType = sourcecode.c.objc; name = SyncStorageManager.m; path = sync_storage/SyncStorageManager.m; sourceTree = "<group>"; };
		70777FAC1524E097007F5C87 /* Comment.h */ = {isa = PBXFileReference; fileEncoding = 4; lastKnownFileType = sourcecode.c.h; name = Comment.h; path = example/core_data/Comment.h; sourceTree = "<group>"; };
		70777FAD1524E097007F5C87 /* Comment.m */ = {isa = PBXFileReference; fileEncoding = 4; lastKnownFileType = sourcecode.c.objc; name = Comment.m; path = example/core_data/Comment.m; sourceTree = "<group>"; };
		70777FAE1524E097007F5C87 /* Post.h */ = {isa = PBXFileReference; fileEncoding = 4; lastKnownFileType = sourcecode.c.h; name = Post.h; path = example/core_data/Post.h; sourceTree = "<group>"; };
		70777FAF1524E097007F5C87 /* Post.m */ = {isa = PBXFileReference; fileEncoding = 4; lastKnownFileType = sourcecode.c.objc; name = Post.m; path = example/core_data/Post.m; sourceTree = "<group>"; };
		70777FB41524E0AE007F5C87 /* SyncObject.h */ = {isa = PBXFileReference; fileEncoding = 4; lastKnownFileType = sourcecode.c.h; name = SyncObject.h; path = sync_storage/core_data/SyncObject.h; sourceTree = "<group>"; };
		70777FB51524E0AE007F5C87 /* SyncObject.m */ = {isa = PBXFileReference; fileEncoding = 4; lastKnownFileType = sourcecode.c.objc; name = SyncObject.m; path = sync_storage/core_data/SyncObject.m; sourceTree = "<group>"; };
		70E7AAAF16001225003414D5 /* red_c_button_image_500_clr.png */ = {isa = PBXFileReference; lastKnownFileType = image.png; name = red_c_button_image_500_clr.png; path = example/red_c_button_image_500_clr.png; sourceTree = "<group>"; };
		70E7CA9E15DB6EF800D78CBE /* Storyboard.storyboard */ = {isa = PBXFileReference; fileEncoding = 4; lastKnownFileType = file.storyboard; name = Storyboard.storyboard; path = example/Storyboard.storyboard; sourceTree = "<group>"; };
		70E7CAA015DB6F6000D78CBE /* MainViewController.h */ = {isa = PBXFileReference; fileEncoding = 4; lastKnownFileType = sourcecode.c.h; name = MainViewController.h; path = example/MainViewController.h; sourceTree = "<group>"; };
		70E7CAA115DB6F6000D78CBE /* MainViewController.m */ = {isa = PBXFileReference; fileEncoding = 4; lastKnownFileType = sourcecode.c.objc; name = MainViewController.m; path = example/MainViewController.m; sourceTree = "<group>"; };
		70E7CAA315DB7A0D00D78CBE /* PostViewController.h */ = {isa = PBXFileReference; fileEncoding = 4; lastKnownFileType = sourcecode.c.h; name = PostViewController.h; path = example/PostViewController.h; sourceTree = "<group>"; };
		70E7CAA415DB7A0D00D78CBE /* PostViewController.m */ = {isa = PBXFileReference; fileEncoding = 4; lastKnownFileType = sourcecode.c.objc; name = PostViewController.m; path = example/PostViewController.m; sourceTree = "<group>"; };
		70E7CAB015DBF6E900D78CBE /* SyncCell.h */ = {isa = PBXFileReference; fileEncoding = 4; lastKnownFileType = sourcecode.c.h; name = SyncCell.h; path = example/SyncCell.h; sourceTree = "<group>"; };
		70E7CAB115DBF6EA00D78CBE /* SyncCell.m */ = {isa = PBXFileReference; fileEncoding = 4; lastKnownFileType = sourcecode.c.objc; name = SyncCell.m; path = example/SyncCell.m; sourceTree = "<group>"; };
		70E7CAB315DBF81E00D78CBE /* green_check_mark_button_image_500_clr.png */ = {isa = PBXFileReference; lastKnownFileType = image.png; name = green_check_mark_button_image_500_clr.png; path = example/green_check_mark_button_image_500_clr.png; sourceTree = "<group>"; };
		973FA2A9F5FC4024BF85C4BD /* Pods.xcconfig */ = {isa = PBXFileReference; lastKnownFileType = text.xcconfig; name = Pods.xcconfig; path = Pods/Pods.xcconfig; sourceTree = SOURCE_ROOT; };
/* End PBXFileReference section */

/* Begin PBXFrameworksBuildPhase section */
		70777F1615238BD3007F5C87 /* Frameworks */ = {
			isa = PBXFrameworksBuildPhase;
			buildActionMask = 2147483647;
			files = (
				70777F1E15238BD3007F5C87 /* UIKit.framework in Frameworks */,
				70777F2015238BD3007F5C87 /* Foundation.framework in Frameworks */,
				70777F2215238BD3007F5C87 /* CoreGraphics.framework in Frameworks */,
				70777F2415238BD3007F5C87 /* CoreData.framework in Frameworks */,
				A2E8D1A7C4E14DD499A6FC58 /* libPods.a in Frameworks */,
			);
			runOnlyForDeploymentPostprocessing = 0;
		};
		70777F3515238BD3007F5C87 /* Frameworks */ = {
			isa = PBXFrameworksBuildPhase;
			buildActionMask = 2147483647;
			files = (
				70777F3B15238BD3007F5C87 /* SenTestingKit.framework in Frameworks */,
				70777F3C15238BD3007F5C87 /* UIKit.framework in Frameworks */,
				70777F3D15238BD3007F5C87 /* Foundation.framework in Frameworks */,
				70777F3E15238BD3007F5C87 /* CoreData.framework in Frameworks */,
			);
			runOnlyForDeploymentPostprocessing = 0;
		};
/* End PBXFrameworksBuildPhase section */

/* Begin PBXGroup section */
		70602154152D36E50087A4DC /* objection */ = {
			isa = PBXGroup;
			children = (
				70602155152D37140087A4DC /* DependencyModule.h */,
				70602156152D37140087A4DC /* DependencyModule.m */,
			);
			name = objection;
			sourceTree = "<group>";
		};
		70602158152D3FC00087A4DC /* objection */ = {
			isa = PBXGroup;
			children = (
				70602159152D3FDE0087A4DC /* TestModule.h */,
				7060215A152D3FDE0087A4DC /* TestModule.m */,
			);
			name = objection;
			sourceTree = "<group>";
		};
		7060218C152D67060087A4DC /* kiwi */ = {
			isa = PBXGroup;
			children = (
				7060218E152D67370087A4DC /* SyncStoreManagerSpec.m */,
				7039D176153533D400ACA30B /* SyncObjectSpec.m */,
			);
			name = kiwi;
			sourceTree = "<group>";
		};
		70777F0E15238BD3007F5C87 = {
			isa = PBXGroup;
			children = (
				70777F2515238BD3007F5C87 /* offline_sync_blog_3 */,
				70777F4115238BD3007F5C87 /* offline_sync_blog_3Tests */,
				70777F1C15238BD3007F5C87 /* Frameworks */,
				70777F1A15238BD3007F5C87 /* Products */,
				973FA2A9F5FC4024BF85C4BD /* Pods.xcconfig */,
			);
			sourceTree = "<group>";
		};
		70777F1A15238BD3007F5C87 /* Products */ = {
			isa = PBXGroup;
			children = (
				70777F1915238BD3007F5C87 /* offline_sync_blog_3.app */,
				70777F3915238BD3007F5C87 /* offline_sync_blog_3Tests.octest */,
			);
			name = Products;
			sourceTree = "<group>";
		};
		70777F1C15238BD3007F5C87 /* Frameworks */ = {
			isa = PBXGroup;
			children = (
				70777F1D15238BD3007F5C87 /* UIKit.framework */,
				70777F1F15238BD3007F5C87 /* Foundation.framework */,
				70777F2115238BD3007F5C87 /* CoreGraphics.framework */,
				70777F2315238BD3007F5C87 /* CoreData.framework */,
				70777F3A15238BD3007F5C87 /* SenTestingKit.framework */,
				419E5BCA83464321ABC86C71 /* libPods.a */,
			);
			name = Frameworks;
			sourceTree = "<group>";
		};
		70777F2515238BD3007F5C87 /* offline_sync_blog_3 */ = {
			isa = PBXGroup;
			children = (
				70777FA61524DF6F007F5C87 /* example */,
				70777F941523BFA6007F5C87 /* sync_storage */,
				70777F2E15238BD3007F5C87 /* AppDelegate.h */,
				70777F2F15238BD3007F5C87 /* AppDelegate.m */,
				70777F3115238BD3007F5C87 /* offline_sync_blog_3.xcdatamodeld */,
				70777F2615238BD3007F5C87 /* Supporting Files */,
			);
			path = offline_sync_blog_3;
			sourceTree = "<group>";
		};
		70777F2615238BD3007F5C87 /* Supporting Files */ = {
			isa = PBXGroup;
			children = (
				70777F2715238BD3007F5C87 /* offline_sync_blog_3-Info.plist */,
				70777F2815238BD3007F5C87 /* InfoPlist.strings */,
				70777F2B15238BD3007F5C87 /* main.m */,
				70777F2D15238BD3007F5C87 /* offline_sync_blog_3-Prefix.pch */,
			);
			name = "Supporting Files";
			sourceTree = "<group>";
		};
		70777F4115238BD3007F5C87 /* offline_sync_blog_3Tests */ = {
			isa = PBXGroup;
			children = (
				7060218C152D67060087A4DC /* kiwi */,
				70602158152D3FC00087A4DC /* objection */,
				70777F4715238BD3007F5C87 /* offline_sync_blog_3Tests.h */,
				70777F4815238BD3007F5C87 /* offline_sync_blog_3Tests.m */,
				70777F4215238BD3007F5C87 /* Supporting Files */,
				7060215C152D400D0087A4DC /* DummySyncOperation.h */,
				7060215D152D400D0087A4DC /* DummySyncOperation.m */,
			);
			path = offline_sync_blog_3Tests;
			sourceTree = "<group>";
		};
		70777F4215238BD3007F5C87 /* Supporting Files */ = {
			isa = PBXGroup;
			children = (
				70777F4315238BD3007F5C87 /* offline_sync_blog_3Tests-Info.plist */,
				70777F4415238BD3007F5C87 /* InfoPlist.strings */,
			);
			name = "Supporting Files";
			sourceTree = "<group>";
		};
		70777F941523BFA6007F5C87 /* sync_storage */ = {
			isa = PBXGroup;
			children = (
				70602154152D36E50087A4DC /* objection */,
				70777F951523C227007F5C87 /* core_data */,
				70777F8F1523BF9D007F5C87 /* SyncStorageManager.h */,
				70777F901523BF9D007F5C87 /* SyncStorageManager.m */,
				7060214C152D0F5F0087A4DC /* SyncOperation.h */,
				7060214D152D0F5F0087A4DC /* SyncOperation.m */,
				70602150152D171C0087A4DC /* keys.h */,
				706021BB152E68E10087A4DC /* Conflict.h */,
				706021BC152E68E10087A4DC /* Conflict.m */,
			);
			name = sync_storage;
			sourceTree = "<group>";
		};
		70777F951523C227007F5C87 /* core_data */ = {
			isa = PBXGroup;
			children = (
				70777FB41524E0AE007F5C87 /* SyncObject.h */,
				70777FB51524E0AE007F5C87 /* SyncObject.m */,
			);
			name = core_data;
			sourceTree = "<group>";
		};
		70777FA61524DF6F007F5C87 /* example */ = {
			isa = PBXGroup;
			children = (
				70E7CAB315DBF81E00D78CBE /* green_check_mark_button_image_500_clr.png */,
				70E7AAAF16001225003414D5 /* red_c_button_image_500_clr.png */,
				70777FAB1524DFDD007F5C87 /* core_data */,
				70E7CA9E15DB6EF800D78CBE /* Storyboard.storyboard */,
				70E7CAA015DB6F6000D78CBE /* MainViewController.h */,
				70E7CAA115DB6F6000D78CBE /* MainViewController.m */,
				70E7CAA315DB7A0D00D78CBE /* PostViewController.h */,
				70E7CAA415DB7A0D00D78CBE /* PostViewController.m */,
				70E7CAB015DBF6E900D78CBE /* SyncCell.h */,
				70E7CAB115DBF6EA00D78CBE /* SyncCell.m */,
			);
			name = example;
			sourceTree = "<group>";
		};
		70777FAB1524DFDD007F5C87 /* core_data */ = {
			isa = PBXGroup;
			children = (
				70777FAC1524E097007F5C87 /* Comment.h */,
				70777FAD1524E097007F5C87 /* Comment.m */,
				70777FAE1524E097007F5C87 /* Post.h */,
				70777FAF1524E097007F5C87 /* Post.m */,
			);
			name = core_data;
			sourceTree = "<group>";
		};
/* End PBXGroup section */

/* Begin PBXNativeTarget section */
		70777F1815238BD3007F5C87 /* offline_sync_blog_3 */ = {
			isa = PBXNativeTarget;
			buildConfigurationList = 70777F4C15238BD3007F5C87 /* Build configuration list for PBXNativeTarget "offline_sync_blog_3" */;
			buildPhases = (
				70777F1515238BD3007F5C87 /* Sources */,
				70777F1615238BD3007F5C87 /* Frameworks */,
				70777F1715238BD3007F5C87 /* Resources */,
				1D9226ACFEA14622962DAE4C /* Copy Pods Resources */,
			);
			buildRules = (
			);
			dependencies = (
			);
			name = offline_sync_blog_3;
			productName = offline_sync_blog_3;
			productReference = 70777F1915238BD3007F5C87 /* offline_sync_blog_3.app */;
			productType = "com.apple.product-type.application";
		};
		70777F3815238BD3007F5C87 /* offline_sync_blog_3Tests */ = {
			isa = PBXNativeTarget;
			buildConfigurationList = 70777F4F15238BD3007F5C87 /* Build configuration list for PBXNativeTarget "offline_sync_blog_3Tests" */;
			buildPhases = (
				70777F3415238BD3007F5C87 /* Sources */,
				70777F3515238BD3007F5C87 /* Frameworks */,
				70777F3615238BD3007F5C87 /* Resources */,
				70777F3715238BD3007F5C87 /* ShellScript */,
				1D9226ACFEA14622962DAE4C /* Copy Pods Resources */,
			);
			buildRules = (
			);
			dependencies = (
				70777F4015238BD3007F5C87 /* PBXTargetDependency */,
			);
			name = offline_sync_blog_3Tests;
			productName = offline_sync_blog_3Tests;
			productReference = 70777F3915238BD3007F5C87 /* offline_sync_blog_3Tests.octest */;
			productType = "com.apple.product-type.bundle";
		};
/* End PBXNativeTarget section */

/* Begin PBXProject section */
		70777F1015238BD3007F5C87 /* Project object */ = {
			isa = PBXProject;
			attributes = {
				LastUpgradeCheck = 0430;
				ORGANIZATIONNAME = "Casselman Consulting";
			};
			buildConfigurationList = 70777F1315238BD3007F5C87 /* Build configuration list for PBXProject "offline_sync_blog_3" */;
			compatibilityVersion = "Xcode 3.2";
			developmentRegion = English;
			hasScannedForEncodings = 0;
			knownRegions = (
				en,
			);
			mainGroup = 70777F0E15238BD3007F5C87;
			productRefGroup = 70777F1A15238BD3007F5C87 /* Products */;
			projectDirPath = "";
			projectRoot = "";
			targets = (
				70777F1815238BD3007F5C87 /* offline_sync_blog_3 */,
				70777F3815238BD3007F5C87 /* offline_sync_blog_3Tests */,
			);
		};
/* End PBXProject section */

/* Begin PBXResourcesBuildPhase section */
		70777F1715238BD3007F5C87 /* Resources */ = {
			isa = PBXResourcesBuildPhase;
			buildActionMask = 2147483647;
			files = (
				70777F2A15238BD3007F5C87 /* InfoPlist.strings in Resources */,
				70E7CA9F15DB6EF800D78CBE /* Storyboard.storyboard in Resources */,
				70E7CAB415DBF81E00D78CBE /* green_check_mark_button_image_500_clr.png in Resources */,
				70E7AAB016001225003414D5 /* red_c_button_image_500_clr.png in Resources */,
			);
			runOnlyForDeploymentPostprocessing = 0;
		};
		70777F3615238BD3007F5C87 /* Resources */ = {
			isa = PBXResourcesBuildPhase;
			buildActionMask = 2147483647;
			files = (
				70777F4615238BD3007F5C87 /* InfoPlist.strings in Resources */,
			);
			runOnlyForDeploymentPostprocessing = 0;
		};
/* End PBXResourcesBuildPhase section */

/* Begin PBXShellScriptBuildPhase section */
		1D9226ACFEA14622962DAE4C /* Copy Pods Resources */ = {
			isa = PBXShellScriptBuildPhase;
			buildActionMask = 2147483647;
			files = (
			);
			inputPaths = (
			);
			name = "Copy Pods Resources";
			outputPaths = (
			);
			runOnlyForDeploymentPostprocessing = 0;
			shellPath = /bin/sh;
			shellScript = "\"${SRCROOT}/Pods/Pods-resources.sh\"\n";
		};
		70777F3715238BD3007F5C87 /* ShellScript */ = {
			isa = PBXShellScriptBuildPhase;
			buildActionMask = 2147483647;
			files = (
			);
			inputPaths = (
			);
			outputPaths = (
			);
			runOnlyForDeploymentPostprocessing = 0;
			shellPath = /bin/sh;
			shellScript = "# Run the unit tests in this test bundle.\n\"${SYSTEM_DEVELOPER_DIR}/Tools/RunUnitTests\"\n";
		};
/* End PBXShellScriptBuildPhase section */

/* Begin PBXSourcesBuildPhase section */
		70777F1515238BD3007F5C87 /* Sources */ = {
			isa = PBXSourcesBuildPhase;
			buildActionMask = 2147483647;
			files = (
				70777F2C15238BD3007F5C87 /* main.m in Sources */,
				70777F3015238BD3007F5C87 /* AppDelegate.m in Sources */,
				70777F3315238BD3007F5C87 /* offline_sync_blog_3.xcdatamodeld in Sources */,
				70777F911523BF9D007F5C87 /* SyncStorageManager.m in Sources */,
				70777FB01524E097007F5C87 /* Comment.m in Sources */,
				70777FB21524E097007F5C87 /* Post.m in Sources */,
				70777FB61524E0AE007F5C87 /* SyncObject.m in Sources */,
				7060214E152D0F5F0087A4DC /* SyncOperation.m in Sources */,
				70602157152D37140087A4DC /* DependencyModule.m in Sources */,
				706021BD152E68E20087A4DC /* Conflict.m in Sources */,
				70E7CAA215DB6F6000D78CBE /* MainViewController.m in Sources */,
				70E7CAA515DB7A0D00D78CBE /* PostViewController.m in Sources */,
				70E7CAB215DBF6EA00D78CBE /* SyncCell.m in Sources */,
			);
			runOnlyForDeploymentPostprocessing = 0;
		};
		70777F3415238BD3007F5C87 /* Sources */ = {
			isa = PBXSourcesBuildPhase;
			buildActionMask = 2147483647;
			files = (
				70777F4915238BD3007F5C87 /* offline_sync_blog_3Tests.m in Sources */,
				7060215B152D3FDE0087A4DC /* TestModule.m in Sources */,
				7060215E152D400D0087A4DC /* DummySyncOperation.m in Sources */,
				7060218F152D67370087A4DC /* SyncStoreManagerSpec.m in Sources */,
				7039D177153533D400ACA30B /* SyncObjectSpec.m in Sources */,
			);
			runOnlyForDeploymentPostprocessing = 0;
		};
/* End PBXSourcesBuildPhase section */

/* Begin PBXTargetDependency section */
		70777F4015238BD3007F5C87 /* PBXTargetDependency */ = {
			isa = PBXTargetDependency;
			target = 70777F1815238BD3007F5C87 /* offline_sync_blog_3 */;
			targetProxy = 70777F3F15238BD3007F5C87 /* PBXContainerItemProxy */;
		};
/* End PBXTargetDependency section */

/* Begin PBXVariantGroup section */
		70777F2815238BD3007F5C87 /* InfoPlist.strings */ = {
			isa = PBXVariantGroup;
			children = (
				70777F2915238BD3007F5C87 /* en */,
			);
			name = InfoPlist.strings;
			sourceTree = "<group>";
		};
		70777F4415238BD3007F5C87 /* InfoPlist.strings */ = {
			isa = PBXVariantGroup;
			children = (
				70777F4515238BD3007F5C87 /* en */,
			);
			name = InfoPlist.strings;
			sourceTree = "<group>";
		};
/* End PBXVariantGroup section */

/* Begin XCBuildConfiguration section */
		70777F4A15238BD3007F5C87 /* Debug */ = {
			isa = XCBuildConfiguration;
			buildSettings = {
				ALWAYS_SEARCH_USER_PATHS = NO;
				ARCHS = "$(ARCHS_STANDARD_32_BIT)";
				CLANG_ENABLE_OBJC_ARC = YES;
				"CODE_SIGN_IDENTITY[sdk=iphoneos*]" = "iPhone Developer";
				COPY_PHASE_STRIP = NO;
				GCC_C_LANGUAGE_STANDARD = gnu99;
				GCC_DYNAMIC_NO_PIC = NO;
				GCC_OPTIMIZATION_LEVEL = 0;
				GCC_PREPROCESSOR_DEFINITIONS = (
					"MR_ENABLE_ACTIVE_RECORD_LOGGING=1",
					"DEBUG=1",
				);
				GCC_SYMBOLS_PRIVATE_EXTERN = NO;
				GCC_VERSION = com.apple.compilers.llvm.clang.1_0;
				GCC_WARN_ABOUT_RETURN_TYPE = YES;
				GCC_WARN_UNINITIALIZED_AUTOS = YES;
				GCC_WARN_UNUSED_VARIABLE = YES;
				IPHONEOS_DEPLOYMENT_TARGET = 5.1;
				SDKROOT = iphoneos;
				TARGETED_DEVICE_FAMILY = "1,2";
			};
			name = Debug;
		};
		70777F4B15238BD3007F5C87 /* Release */ = {
			isa = XCBuildConfiguration;
			buildSettings = {
				ALWAYS_SEARCH_USER_PATHS = NO;
				ARCHS = "$(ARCHS_STANDARD_32_BIT)";
				CLANG_ENABLE_OBJC_ARC = YES;
				"CODE_SIGN_IDENTITY[sdk=iphoneos*]" = "iPhone Developer";
				COPY_PHASE_STRIP = YES;
				GCC_C_LANGUAGE_STANDARD = gnu99;
				GCC_PREPROCESSOR_DEFINITIONS = "MR_ENABLE_ACTIVE_RECORD_LOGGING=0";
				GCC_VERSION = com.apple.compilers.llvm.clang.1_0;
				GCC_WARN_ABOUT_RETURN_TYPE = YES;
				GCC_WARN_UNINITIALIZED_AUTOS = YES;
				GCC_WARN_UNUSED_VARIABLE = YES;
				IPHONEOS_DEPLOYMENT_TARGET = 5.1;
				OTHER_CFLAGS = "-DNS_BLOCK_ASSERTIONS=1";
				SDKROOT = iphoneos;
				TARGETED_DEVICE_FAMILY = "1,2";
				VALIDATE_PRODUCT = YES;
			};
			name = Release;
		};
		70777F4D15238BD3007F5C87 /* Debug */ = {
			isa = XCBuildConfiguration;
			baseConfigurationReference = 973FA2A9F5FC4024BF85C4BD /* Pods.xcconfig */;
			buildSettings = {
				CODE_SIGN_IDENTITY = "iPhone Developer: Tyler Casselman (MRBZS63J54)";
				DSTROOT = /tmp/xcodeproj.dst;
				GCC_PRECOMPILE_PREFIX_HEADER = YES;
				GCC_PREFIX_HEADER = "offline_sync_blog_3/offline_sync_blog_3-Prefix.pch";
				GCC_VERSION = com.apple.compilers.llvm.clang.1_0;
				INFOPLIST_FILE = "offline_sync_blog_3/offline_sync_blog_3-Info.plist";
				PRODUCT_NAME = "$(TARGET_NAME)";
				PROVISIONING_PROFILE = "9A3D9B71-7B59-43BA-91B4-6CD7FB782DEF";
				SKIP_INSTALL = YES;
				WRAPPER_EXTENSION = app;
			};
			name = Debug;
		};
		70777F4E15238BD3007F5C87 /* Release */ = {
			isa = XCBuildConfiguration;
			baseConfigurationReference = 973FA2A9F5FC4024BF85C4BD /* Pods.xcconfig */;
			buildSettings = {
				CODE_SIGN_IDENTITY = "iPhone Developer: Tyler Casselman (MRBZS63J54)";
				DSTROOT = /tmp/xcodeproj.dst;
				GCC_PRECOMPILE_PREFIX_HEADER = YES;
				GCC_PREFIX_HEADER = "offline_sync_blog_3/offline_sync_blog_3-Prefix.pch";
				GCC_VERSION = com.apple.compilers.llvm.clang.1_0;
				INFOPLIST_FILE = "offline_sync_blog_3/offline_sync_blog_3-Info.plist";
				PRODUCT_NAME = "$(TARGET_NAME)";
				PROVISIONING_PROFILE = "9A3D9B71-7B59-43BA-91B4-6CD7FB782DEF";
				SKIP_INSTALL = YES;
				WRAPPER_EXTENSION = app;
			};
			name = Release;
		};
		70777F5015238BD3007F5C87 /* Debug */ = {
			isa = XCBuildConfiguration;
			baseConfigurationReference = 973FA2A9F5FC4024BF85C4BD /* Pods.xcconfig */;
			buildSettings = {
				BUNDLE_LOADER = "$(BUILT_PRODUCTS_DIR)/offline_sync_blog_3.app/offline_sync_blog_3";
				DSTROOT = /tmp/xcodeproj.dst;
				FRAMEWORK_SEARCH_PATHS = (
					"$(SDKROOT)/Developer/Library/Frameworks",
					"$(DEVELOPER_LIBRARY_DIR)/Frameworks",
				);
				GCC_PRECOMPILE_PREFIX_HEADER = YES;
				GCC_PREFIX_HEADER = "offline_sync_blog_3/offline_sync_blog_3-Prefix.pch";
				GCC_VERSION = com.apple.compilers.llvm.clang.1_0;
				INFOPLIST_FILE = "offline_sync_blog_3Tests/offline_sync_blog_3Tests-Info.plist";
				PRODUCT_NAME = "$(TARGET_NAME)";
				SKIP_INSTALL = YES;
				TEST_HOST = "$(BUNDLE_LOADER)";
				WRAPPER_EXTENSION = octest;
			};
			name = Debug;
		};
		70777F5115238BD3007F5C87 /* Release */ = {
			isa = XCBuildConfiguration;
			baseConfigurationReference = 973FA2A9F5FC4024BF85C4BD /* Pods.xcconfig */;
			buildSettings = {
				BUNDLE_LOADER = "$(BUILT_PRODUCTS_DIR)/offline_sync_blog_3.app/offline_sync_blog_3";
				DSTROOT = /tmp/xcodeproj.dst;
				FRAMEWORK_SEARCH_PATHS = (
					"$(SDKROOT)/Developer/Library/Frameworks",
					"$(DEVELOPER_LIBRARY_DIR)/Frameworks",
				);
				GCC_PRECOMPILE_PREFIX_HEADER = YES;
				GCC_PREFIX_HEADER = "offline_sync_blog_3/offline_sync_blog_3-Prefix.pch";
				GCC_VERSION = com.apple.compilers.llvm.clang.1_0;
				INFOPLIST_FILE = "offline_sync_blog_3Tests/offline_sync_blog_3Tests-Info.plist";
				PRODUCT_NAME = "$(TARGET_NAME)";
				SKIP_INSTALL = YES;
				TEST_HOST = "$(BUNDLE_LOADER)";
				WRAPPER_EXTENSION = octest;
			};
			name = Release;
		};
/* End XCBuildConfiguration section */

/* Begin XCConfigurationList section */
		70777F1315238BD3007F5C87 /* Build configuration list for PBXProject "offline_sync_blog_3" */ = {
			isa = XCConfigurationList;
			buildConfigurations = (
				70777F4A15238BD3007F5C87 /* Debug */,
				70777F4B15238BD3007F5C87 /* Release */,
			);
			defaultConfigurationIsVisible = 0;
			defaultConfigurationName = Release;
		};
		70777F4C15238BD3007F5C87 /* Build configuration list for PBXNativeTarget "offline_sync_blog_3" */ = {
			isa = XCConfigurationList;
			buildConfigurations = (
				70777F4D15238BD3007F5C87 /* Debug */,
				70777F4E15238BD3007F5C87 /* Release */,
			);
			defaultConfigurationIsVisible = 0;
			defaultConfigurationName = Release;
		};
		70777F4F15238BD3007F5C87 /* Build configuration list for PBXNativeTarget "offline_sync_blog_3Tests" */ = {
			isa = XCConfigurationList;
			buildConfigurations = (
				70777F5015238BD3007F5C87 /* Debug */,
				70777F5115238BD3007F5C87 /* Release */,
			);
			defaultConfigurationIsVisible = 0;
			defaultConfigurationName = Release;
		};
/* End XCConfigurationList section */

/* Begin XCVersionGroup section */
		70777F3115238BD3007F5C87 /* offline_sync_blog_3.xcdatamodeld */ = {
			isa = XCVersionGroup;
			children = (
				70777F3215238BD3007F5C87 /* offline_sync_blog_3.xcdatamodel */,
			);
			currentVersion = 70777F3215238BD3007F5C87 /* offline_sync_blog_3.xcdatamodel */;
			path = offline_sync_blog_3.xcdatamodeld;
			sourceTree = "<group>";
			versionGroupType = wrapper.xcdatamodel;
		};
/* End XCVersionGroup section */
	};
	rootObject = 70777F1015238BD3007F5C87 /* Project object */;
}
